
Microsoft Visual Studio Solution File, Format Version 12.00
# Visual Studio 2012
Project("{FAE04EC0-301F-11D3-BF4B-00C04F79EFBC}") = "1.ChefRefactor", "ChefRefactor\1.ChefRefactor.csproj", "{F48D4377-8023-4663-8194-ACE693A20EA2}"
EndProject
Project("{FAE04EC0-301F-11D3-BF4B-00C04F79EFBC}") = "2.Potato", "2.Potato\2.Potato.csproj", "{16099652-4DDE-42B7-8493-0C13C4CFCE7B}"
EndProject
Global
	GlobalSection(SolutionConfigurationPlatforms) = preSolution
		Debug|Any CPU = Debug|Any CPU
		Release|Any CPU = Release|Any CPU
	EndGlobalSection
	GlobalSection(ProjectConfigurationPlatforms) = postSolution
		{F48D4377-8023-4663-8194-ACE693A20EA2}.Debug|Any CPU.ActiveCfg = Debug|Any CPU
		{F48D4377-8023-4663-8194-ACE693A20EA2}.Debug|Any CPU.Build.0 = Debug|Any CPU
		{F48D4377-8023-4663-8194-ACE693A20EA2}.Release|Any CPU.ActiveCfg = Release|Any CPU
		{F48D4377-8023-4663-8194-ACE693A20EA2}.Release|Any CPU.Build.0 = Release|Any CPU
		{16099652-4DDE-42B7-8493-0C13C4CFCE7B}.Debug|Any CPU.ActiveCfg = Debug|Any CPU
		{16099652-4DDE-42B7-8493-0C13C4CFCE7B}.Debug|Any CPU.Build.0 = Debug|Any CPU
		{16099652-4DDE-42B7-8493-0C13C4CFCE7B}.Release|Any CPU.ActiveCfg = Release|Any CPU
		{16099652-4DDE-42B7-8493-0C13C4CFCE7B}.Release|Any CPU.Build.0 = Release|Any CPU
	EndGlobalSection
	GlobalSection(SolutionProperties) = preSolution
		HideSolutionNode = FALSE
	EndGlobalSection
EndGlobal
