
Microsoft Visual Studio Solution File, Format Version 12.00
# Visual Studio 2012
Project("{FAE04EC0-301F-11D3-BF4B-00C04F79EFBC}") = "1.WriterCode", "1.WriterCode\1.WriterCode.csproj", "{353B0266-98D6-4E7F-9A0B-801C0FB24CB6}"
EndProject
Project("{FAE04EC0-301F-11D3-BF4B-00C04F79EFBC}") = "2.HumanCreatorCode", "2.HumanCreator\2.HumanCreatorCode.csproj", "{6C393790-29ED-4ED6-8E41-219A4821E11B}"
EndProject
Project("{FAE04EC0-301F-11D3-BF4B-00C04F79EFBC}") = "3.CheckIfMozilla", "3.CheckIfMozilla\3.CheckIfMozilla.csproj", "{AB3E2EE2-A6FF-4FC1-9929-3CCCEA79D794}"
EndProject
Project("{FAE04EC0-301F-11D3-BF4B-00C04F79EFBC}") = "4.Minesweeper", "4.Mines\4.Minesweeper.csproj", "{B20E8DFD-5F12-4358-849D-1F25806E9052}"
EndProject
Global
	GlobalSection(SolutionConfigurationPlatforms) = preSolution
		Debug|Any CPU = Debug|Any CPU
		Release|Any CPU = Release|Any CPU
	EndGlobalSection
	GlobalSection(ProjectConfigurationPlatforms) = postSolution
		{353B0266-98D6-4E7F-9A0B-801C0FB24CB6}.Debug|Any CPU.ActiveCfg = Debug|Any CPU
		{353B0266-98D6-4E7F-9A0B-801C0FB24CB6}.Debug|Any CPU.Build.0 = Debug|Any CPU
		{353B0266-98D6-4E7F-9A0B-801C0FB24CB6}.Release|Any CPU.ActiveCfg = Release|Any CPU
		{353B0266-98D6-4E7F-9A0B-801C0FB24CB6}.Release|Any CPU.Build.0 = Release|Any CPU
		{6C393790-29ED-4ED6-8E41-219A4821E11B}.Debug|Any CPU.ActiveCfg = Debug|Any CPU
		{6C393790-29ED-4ED6-8E41-219A4821E11B}.Debug|Any CPU.Build.0 = Debug|Any CPU
		{6C393790-29ED-4ED6-8E41-219A4821E11B}.Release|Any CPU.ActiveCfg = Release|Any CPU
		{6C393790-29ED-4ED6-8E41-219A4821E11B}.Release|Any CPU.Build.0 = Release|Any CPU
		{AB3E2EE2-A6FF-4FC1-9929-3CCCEA79D794}.Debug|Any CPU.ActiveCfg = Debug|Any CPU
		{AB3E2EE2-A6FF-4FC1-9929-3CCCEA79D794}.Debug|Any CPU.Build.0 = Debug|Any CPU
		{AB3E2EE2-A6FF-4FC1-9929-3CCCEA79D794}.Release|Any CPU.ActiveCfg = Release|Any CPU
		{AB3E2EE2-A6FF-4FC1-9929-3CCCEA79D794}.Release|Any CPU.Build.0 = Release|Any CPU
		{B20E8DFD-5F12-4358-849D-1F25806E9052}.Debug|Any CPU.ActiveCfg = Debug|Any CPU
		{B20E8DFD-5F12-4358-849D-1F25806E9052}.Debug|Any CPU.Build.0 = Debug|Any CPU
		{B20E8DFD-5F12-4358-849D-1F25806E9052}.Release|Any CPU.ActiveCfg = Release|Any CPU
		{B20E8DFD-5F12-4358-849D-1F25806E9052}.Release|Any CPU.Build.0 = Release|Any CPU
	EndGlobalSection
	GlobalSection(SolutionProperties) = preSolution
		HideSolutionNode = FALSE
	EndGlobalSection
EndGlobal
