
Microsoft Visual Studio Solution File, Format Version 12.00
# Visual Studio 2012
Project("{FAE04EC0-301F-11D3-BF4B-00C04F79EFBC}") = "PerformanceOfSimpeMathActions", "PerformanceOfSimpeMathActions\PerformanceOfSimpeMathActions.csproj", "{3F2DD21F-5D36-4EA5-9A08-3AEE58200F3F}"
EndProject
Project("{FAE04EC0-301F-11D3-BF4B-00C04F79EFBC}") = "PerformanceMathMethods", "PerformanceMathMethods\PerformanceMathMethods.csproj", "{6CEB68D1-598F-4E0F-A8F0-220C5BB139B3}"
EndProject
Project("{FAE04EC0-301F-11D3-BF4B-00C04F79EFBC}") = "PerformanceOfSortAlgos", "PerformanceOfSortAlgos\PerformanceOfSortAlgos.csproj", "{50DF6408-B4F0-4D22-914F-50B7B4298C6D}"
EndProject
Global
	GlobalSection(SolutionConfigurationPlatforms) = preSolution
		Debug|Any CPU = Debug|Any CPU
		Release|Any CPU = Release|Any CPU
	EndGlobalSection
	GlobalSection(ProjectConfigurationPlatforms) = postSolution
		{3F2DD21F-5D36-4EA5-9A08-3AEE58200F3F}.Debug|Any CPU.ActiveCfg = Debug|Any CPU
		{3F2DD21F-5D36-4EA5-9A08-3AEE58200F3F}.Debug|Any CPU.Build.0 = Debug|Any CPU
		{3F2DD21F-5D36-4EA5-9A08-3AEE58200F3F}.Release|Any CPU.ActiveCfg = Release|Any CPU
		{3F2DD21F-5D36-4EA5-9A08-3AEE58200F3F}.Release|Any CPU.Build.0 = Release|Any CPU
		{6CEB68D1-598F-4E0F-A8F0-220C5BB139B3}.Debug|Any CPU.ActiveCfg = Debug|Any CPU
		{6CEB68D1-598F-4E0F-A8F0-220C5BB139B3}.Debug|Any CPU.Build.0 = Debug|Any CPU
		{6CEB68D1-598F-4E0F-A8F0-220C5BB139B3}.Release|Any CPU.ActiveCfg = Release|Any CPU
		{6CEB68D1-598F-4E0F-A8F0-220C5BB139B3}.Release|Any CPU.Build.0 = Release|Any CPU
		{50DF6408-B4F0-4D22-914F-50B7B4298C6D}.Debug|Any CPU.ActiveCfg = Debug|Any CPU
		{50DF6408-B4F0-4D22-914F-50B7B4298C6D}.Debug|Any CPU.Build.0 = Debug|Any CPU
		{50DF6408-B4F0-4D22-914F-50B7B4298C6D}.Release|Any CPU.ActiveCfg = Release|Any CPU
		{50DF6408-B4F0-4D22-914F-50B7B4298C6D}.Release|Any CPU.Build.0 = Release|Any CPU
	EndGlobalSection
	GlobalSection(SolutionProperties) = preSolution
		HideSolutionNode = FALSE
	EndGlobalSection
EndGlobal
